
Microsoft Visual Studio Solution File, Format Version 12.00
# Visual Studio 15
Project("{FAE04EC0-301F-11D3-BF4B-00C04F79EFBC}") = "Assembly-CSharp", "Assembly-CSharp.csproj", "{81DF6286-C228-8CA0-B991-59D45E523358}"
EndProject
Project("{FAE04EC0-301F-11D3-BF4B-00C04F79EFBC}") = "Assembly-CSharp-Editor", "Assembly-CSharp-Editor.csproj", "{47F2CD1A-04FB-51B7-CCE0-07808BEF4004}"
EndProject
Global
	GlobalSection(SolutionConfigurationPlatforms) = preSolution
		Debug|Any CPU = Debug|Any CPU
		Release|Any CPU = Release|Any CPU
	EndGlobalSection
	GlobalSection(ProjectConfigurationPlatforms) = postSolution
		{81DF6286-C228-8CA0-B991-59D45E523358}.Debug|Any CPU.ActiveCfg = Debug|Any CPU
		{81DF6286-C228-8CA0-B991-59D45E523358}.Debug|Any CPU.Build.0 = Debug|Any CPU
		{81DF6286-C228-8CA0-B991-59D45E523358}.Release|Any CPU.ActiveCfg = Release|Any CPU
		{81DF6286-C228-8CA0-B991-59D45E523358}.Release|Any CPU.Build.0 = Release|Any CPU
		{47F2CD1A-04FB-51B7-CCE0-07808BEF4004}.Debug|Any CPU.ActiveCfg = Debug|Any CPU
		{47F2CD1A-04FB-51B7-CCE0-07808BEF4004}.Debug|Any CPU.Build.0 = Debug|Any CPU
		{47F2CD1A-04FB-51B7-CCE0-07808BEF4004}.Release|Any CPU.ActiveCfg = Release|Any CPU
		{47F2CD1A-04FB-51B7-CCE0-07808BEF4004}.Release|Any CPU.Build.0 = Release|Any CPU
	EndGlobalSection
	GlobalSection(SolutionProperties) = preSolution
		HideSolutionNode = FALSE
	EndGlobalSection
EndGlobal
